
Microsoft Visual Studio Solution File, Format Version 12.00
# Visual Studio Version 17
VisualStudioVersion = 17.6.33815.320
MinimumVisualStudioVersion = 10.0.40219.1
Project("{FAE04EC0-301F-11D3-BF4B-00C04F79EFBC}") = "Lab1ex6", "Lab1ex6\Lab1ex6.csproj", "{164E1523-C19E-485C-A766-AEA3A1E2AF10}"
EndProject
Global
	GlobalSection(SolutionConfigurationPlatforms) = preSolution
		Debug|Any CPU = Debug|Any CPU
		Release|Any CPU = Release|Any CPU
	EndGlobalSection
	GlobalSection(ProjectConfigurationPlatforms) = postSolution
		{164E1523-C19E-485C-A766-AEA3A1E2AF10}.Debug|Any CPU.ActiveCfg = Debug|Any CPU
		{164E1523-C19E-485C-A766-AEA3A1E2AF10}.Debug|Any CPU.Build.0 = Debug|Any CPU
		{164E1523-C19E-485C-A766-AEA3A1E2AF10}.Release|Any CPU.ActiveCfg = Release|Any CPU
		{164E1523-C19E-485C-A766-AEA3A1E2AF10}.Release|Any CPU.Build.0 = Release|Any CPU
	EndGlobalSection
	GlobalSection(SolutionProperties) = preSolution
		HideSolutionNode = FALSE
	EndGlobalSection
	GlobalSection(ExtensibilityGlobals) = postSolution
		SolutionGuid = {8362D8BC-5C3D-4974-8792-75051FD5D6B1}
	EndGlobalSection
EndGlobal
